// !$*UTF8*$!
{
	archiveVersion = 1;
	classes = {
	};
	objectVersion = 55;
	objects = {

/* Begin PBXBuildFile section */
		12F9193951A2717AA2F3722C /* Pods_AnimatedApp.framework in Frameworks */ = {isa = PBXBuildFile; fileRef = C4C971910D1F0A0EC4F48589 /* Pods_AnimatedApp.framework */; };
		A319518A2799BA9E00FB0B84 /* Animation.swift in Sources */ = {isa = PBXBuildFile; fileRef = A31951892799BA9E00FB0B84 /* Animation.swift */; };
		A319518C2799C32E00FB0B84 /* AnimationManager.swift in Sources */ = {isa = PBXBuildFile; fileRef = A319518B2799C32E00FB0B84 /* AnimationManager.swift */; };
		A3D969522798861900975C14 /* AppDelegate.swift in Sources */ = {isa = PBXBuildFile; fileRef = A3D969512798861900975C14 /* AppDelegate.swift */; };
		A3D969542798861900975C14 /* SceneDelegate.swift in Sources */ = {isa = PBXBuildFile; fileRef = A3D969532798861900975C14 /* SceneDelegate.swift */; };
		A3D969562798861900975C14 /* AnimationViewController.swift in Sources */ = {isa = PBXBuildFile; fileRef = A3D969552798861900975C14 /* AnimationViewController.swift */; };
		A3D969592798861900975C14 /* Main.storyboard in Resources */ = {isa = PBXBuildFile; fileRef = A3D969572798861900975C14 /* Main.storyboard */; };
		A3D9695B2798861A00975C14 /* Assets.xcassets in Resources */ = {isa = PBXBuildFile; fileRef = A3D9695A2798861A00975C14 /* Assets.xcassets */; };
		A3D9695E2798861A00975C14 /* LaunchScreen.storyboard in Resources */ = {isa = PBXBuildFile; fileRef = A3D9695C2798861A00975C14 /* LaunchScreen.storyboard */; };
/* End PBXBuildFile section */

/* Begin PBXFileReference section */
		A31951892799BA9E00FB0B84 /* Animation.swift */ = {isa = PBXFileReference; lastKnownFileType = sourcecode.swift; path = Animation.swift; sourceTree = "<group>"; };
		A319518B2799C32E00FB0B84 /* AnimationManager.swift */ = {isa = PBXFileReference; lastKnownFileType = sourcecode.swift; path = AnimationManager.swift; sourceTree = "<group>"; };
		A3D9694E2798861900975C14 /* AnimatedApp.app */ = {isa = PBXFileReference; explicitFileType = wrapper.application; includeInIndex = 0; path = AnimatedApp.app; sourceTree = BUILT_PRODUCTS_DIR; };
		A3D969512798861900975C14 /* AppDelegate.swift */ = {isa = PBXFileReference; lastKnownFileType = sourcecode.swift; path = AppDelegate.swift; sourceTree = "<group>"; };
		A3D969532798861900975C14 /* SceneDelegate.swift */ = {isa = PBXFileReference; lastKnownFileType = sourcecode.swift; path = SceneDelegate.swift; sourceTree = "<group>"; };
		A3D969552798861900975C14 /* AnimationViewController.swift */ = {isa = PBXFileReference; lastKnownFileType = sourcecode.swift; path = AnimationViewController.swift; sourceTree = "<group>"; };
		A3D969582798861900975C14 /* Base */ = {isa = PBXFileReference; lastKnownFileType = file.storyboard; name = Base; path = Base.lproj/Main.storyboard; sourceTree = "<group>"; };
		A3D9695A2798861A00975C14 /* Assets.xcassets */ = {isa = PBXFileReference; lastKnownFileType = folder.assetcatalog; path = Assets.xcassets; sourceTree = "<group>"; };
		A3D9695D2798861A00975C14 /* Base */ = {isa = PBXFileReference; lastKnownFileType = file.storyboard; name = Base; path = Base.lproj/LaunchScreen.storyboard; sourceTree = "<group>"; };
		A3D9695F2798861A00975C14 /* Info.plist */ = {isa = PBXFileReference; lastKnownFileType = text.plist.xml; path = Info.plist; sourceTree = "<group>"; };
		AB9C42A77F93559A752A9E30 /* Pods-AnimatedApp.release.xcconfig */ = {isa = PBXFileReference; includeInIndex = 1; lastKnownFileType = text.xcconfig; name = "Pods-AnimatedApp.release.xcconfig"; path = "Target Support Files/Pods-AnimatedApp/Pods-AnimatedApp.release.xcconfig"; sourceTree = "<group>"; };
		B506AC6F16AE6C9AB3670F9E /* Pods-AnimatedApp.debug.xcconfig */ = {isa = PBXFileReference; includeInIndex = 1; lastKnownFileType = text.xcconfig; name = "Pods-AnimatedApp.debug.xcconfig"; path = "Target Support Files/Pods-AnimatedApp/Pods-AnimatedApp.debug.xcconfig"; sourceTree = "<group>"; };
		C4C971910D1F0A0EC4F48589 /* Pods_AnimatedApp.framework */ = {isa = PBXFileReference; explicitFileType = wrapper.framework; includeInIndex = 0; path = Pods_AnimatedApp.framework; sourceTree = BUILT_PRODUCTS_DIR; };
/* End PBXFileReference section */

/* Begin PBXFrameworksBuildPhase section */
		A3D9694B2798861900975C14 /* Frameworks */ = {
			isa = PBXFrameworksBuildPhase;
			buildActionMask = 2147483647;
			files = (
				12F9193951A2717AA2F3722C /* Pods_AnimatedApp.framework in Frameworks */,
			);
			runOnlyForDeploymentPostprocessing = 0;
		};
/* End PBXFrameworksBuildPhase section */

/* Begin PBXGroup section */
		502ED2E578DB07C6990F78E0 /* Pods */ = {
			isa = PBXGroup;
			children = (
				B506AC6F16AE6C9AB3670F9E /* Pods-AnimatedApp.debug.xcconfig */,
				AB9C42A77F93559A752A9E30 /* Pods-AnimatedApp.release.xcconfig */,
			);
			path = Pods;
			sourceTree = "<group>";
		};
		A319518D279A090D00FB0B84 /* Model */ = {
			isa = PBXGroup;
			children = (
				A31951892799BA9E00FB0B84 /* Animation.swift */,
				A319518B2799C32E00FB0B84 /* AnimationManager.swift */,
			);
			path = Model;
			sourceTree = "<group>";
		};
		A3D969452798861900975C14 = {
			isa = PBXGroup;
			children = (
				A3D969502798861900975C14 /* AnimatedApp */,
				A3D9694F2798861900975C14 /* Products */,
				502ED2E578DB07C6990F78E0 /* Pods */,
				BE824AE8AC21B6322A84030D /* Frameworks */,
			);
			sourceTree = "<group>";
		};
		A3D9694F2798861900975C14 /* Products */ = {
			isa = PBXGroup;
			children = (
				A3D9694E2798861900975C14 /* AnimatedApp.app */,
			);
			name = Products;
			sourceTree = "<group>";
		};
		A3D969502798861900975C14 /* AnimatedApp */ = {
			isa = PBXGroup;
			children = (
				A319518D279A090D00FB0B84 /* Model */,
				A3D969552798861900975C14 /* AnimationViewController.swift */,
				A3D969572798861900975C14 /* Main.storyboard */,
				A3D9695C2798861A00975C14 /* LaunchScreen.storyboard */,
				A3D969512798861900975C14 /* AppDelegate.swift */,
				A3D969532798861900975C14 /* SceneDelegate.swift */,
				A3D9695A2798861A00975C14 /* Assets.xcassets */,
				A3D9695F2798861A00975C14 /* Info.plist */,
			);
			path = AnimatedApp;
			sourceTree = "<group>";
		};
		BE824AE8AC21B6322A84030D /* Frameworks */ = {
			isa = PBXGroup;
			children = (
				C4C971910D1F0A0EC4F48589 /* Pods_AnimatedApp.framework */,
			);
			name = Frameworks;
			sourceTree = "<group>";
		};
/* End PBXGroup section */

/* Begin PBXNativeTarget section */
		A3D9694D2798861900975C14 /* AnimatedApp */ = {
			isa = PBXNativeTarget;
			buildConfigurationList = A3D969622798861B00975C14 /* Build configuration list for PBXNativeTarget "AnimatedApp" */;
			buildPhases = (
				35F9A77693C01B8014BA64C1 /* [CP] Check Pods Manifest.lock */,
				A3D9694A2798861900975C14 /* Sources */,
				A3D9694B2798861900975C14 /* Frameworks */,
				A3D9694C2798861900975C14 /* Resources */,
				A0E0434B6047F96CBBC7D68C /* [CP] Embed Pods Frameworks */,
			);
			buildRules = (
			);
			dependencies = (
			);
			name = AnimatedApp;
			productName = AnimatedApp;
			productReference = A3D9694E2798861900975C14 /* AnimatedApp.app */;
			productType = "com.apple.product-type.application";
		};
/* End PBXNativeTarget section */

/* Begin PBXProject section */
		A3D969462798861900975C14 /* Project object */ = {
			isa = PBXProject;
			attributes = {
				BuildIndependentTargetsInParallel = 1;
				LastSwiftUpdateCheck = 1320;
				LastUpgradeCheck = 1320;
				TargetAttributes = {
					A3D9694D2798861900975C14 = {
						CreatedOnToolsVersion = 13.2.1;
					};
				};
			};
			buildConfigurationList = A3D969492798861900975C14 /* Build configuration list for PBXProject "AnimatedApp" */;
			compatibilityVersion = "Xcode 13.0";
			developmentRegion = en;
			hasScannedForEncodings = 0;
			knownRegions = (
				en,
				Base,
			);
			mainGroup = A3D969452798861900975C14;
			productRefGroup = A3D9694F2798861900975C14 /* Products */;
			projectDirPath = "";
			projectRoot = "";
			targets = (
				A3D9694D2798861900975C14 /* AnimatedApp */,
			);
		};
/* End PBXProject section */

/* Begin PBXResourcesBuildPhase section */
		A3D9694C2798861900975C14 /* Resources */ = {
			isa = PBXResourcesBuildPhase;
			buildActionMask = 2147483647;
			files = (
				A3D9695E2798861A00975C14 /* LaunchScreen.storyboard in Resources */,
				A3D9695B2798861A00975C14 /* Assets.xcassets in Resources */,
				A3D969592798861900975C14 /* Main.storyboard in Resources */,
			);
			runOnlyForDeploymentPostprocessing = 0;
		};
/* End PBXResourcesBuildPhase section */

/* Begin PBXShellScriptBuildPhase section */
		35F9A77693C01B8014BA64C1 /* [CP] Check Pods Manifest.lock */ = {
			isa = PBXShellScriptBuildPhase;
			buildActionMask = 2147483647;
			files = (
			);
			inputFileListPaths = (
			);
			inputPaths = (
				"${PODS_PODFILE_DIR_PATH}/Podfile.lock",
				"${PODS_ROOT}/Manifest.lock",
			);
			name = "[CP] Check Pods Manifest.lock";
			outputFileListPaths = (
			);
			outputPaths = (
				"$(DERIVED_FILE_DIR)/Pods-AnimatedApp-checkManifestLockResult.txt",
			);
			runOnlyForDeploymentPostprocessing = 0;
			shellPath = /bin/sh;
			shellScript = "diff \"${PODS_PODFILE_DIR_PATH}/Podfile.lock\" \"${PODS_ROOT}/Manifest.lock\" > /dev/null\nif [ $? != 0 ] ; then\n    # print error to STDERR\n    echo \"error: The sandbox is not in sync with the Podfile.lock. Run 'pod install' or update your CocoaPods installation.\" >&2\n    exit 1\nfi\n# This output is used by Xcode 'outputs' to avoid re-running this script phase.\necho \"SUCCESS\" > \"${SCRIPT_OUTPUT_FILE_0}\"\n";
			showEnvVarsInLog = 0;
		};
		A0E0434B6047F96CBBC7D68C /* [CP] Embed Pods Frameworks */ = {
			isa = PBXShellScriptBuildPhase;
			buildActionMask = 2147483647;
			files = (
			);
			inputFileListPaths = (
				"${PODS_ROOT}/Target Support Files/Pods-AnimatedApp/Pods-AnimatedApp-frameworks-${CONFIGURATION}-input-files.xcfilelist",
			);
			name = "[CP] Embed Pods Frameworks";
			outputFileListPaths = (
				"${PODS_ROOT}/Target Support Files/Pods-AnimatedApp/Pods-AnimatedApp-frameworks-${CONFIGURATION}-output-files.xcfilelist",
			);
			runOnlyForDeploymentPostprocessing = 0;
			shellPath = /bin/sh;
			shellScript = "\"${PODS_ROOT}/Target Support Files/Pods-AnimatedApp/Pods-AnimatedApp-frameworks.sh\"\n";
			showEnvVarsInLog = 0;
		};
/* End PBXShellScriptBuildPhase section */

/* Begin PBXSourcesBuildPhase section */
		A3D9694A2798861900975C14 /* Sources */ = {
			isa = PBXSourcesBuildPhase;
			buildActionMask = 2147483647;
			files = (
				A3D969562798861900975C14 /* AnimationViewController.swift in Sources */,
				A3D969522798861900975C14 /* AppDelegate.swift in Sources */,
				A319518A2799BA9E00FB0B84 /* Animation.swift in Sources */,
				A3D969542798861900975C14 /* SceneDelegate.swift in Sources */,
				A319518C2799C32E00FB0B84 /* AnimationManager.swift in Sources */,
			);
			runOnlyForDeploymentPostprocessing = 0;
		};
/* End PBXSourcesBuildPhase section */

/* Begin PBXVariantGroup section */
		A3D969572798861900975C14 /* Main.storyboard */ = {
			isa = PBXVariantGroup;
			children = (
				A3D969582798861900975C14 /* Base */,
			);
			name = Main.storyboard;
			sourceTree = "<group>";
		};
		A3D9695C2798861A00975C14 /* LaunchScreen.storyboard */ = {
			isa = PBXVariantGroup;
			children = (
				A3D9695D2798861A00975C14 /* Base */,
			);
			name = LaunchScreen.storyboard;
			sourceTree = "<group>";
		};
/* End PBXVariantGroup section */

/* Begin XCBuildConfiguration section */
		A3D969602798861B00975C14 /* Debug */ = {
			isa = XCBuildConfiguration;
			buildSettings = {
				ALWAYS_SEARCH_USER_PATHS = NO;
				CLANG_ANALYZER_NONNULL = YES;
				CLANG_ANALYZER_NUMBER_OBJECT_CONVERSION = YES_AGGRESSIVE;
				CLANG_CXX_LANGUAGE_STANDARD = "gnu++17";
				CLANG_CXX_LIBRARY = "libc++";
				CLANG_ENABLE_MODULES = YES;
				CLANG_ENABLE_OBJC_ARC = YES;
				CLANG_ENABLE_OBJC_WEAK = YES;
				CLANG_WARN_BLOCK_CAPTURE_AUTORELEASING = YES;
				CLANG_WARN_BOOL_CONVERSION = YES;
				CLANG_WARN_COMMA = YES;
				CLANG_WARN_CONSTANT_CONVERSION = YES;
				CLANG_WARN_DEPRECATED_OBJC_IMPLEMENTATIONS = YES;
				CLANG_WARN_DIRECT_OBJC_ISA_USAGE = YES_ERROR;
				CLANG_WARN_DOCUMENTATION_COMMENTS = YES;
				CLANG_WARN_EMPTY_BODY = YES;
				CLANG_WARN_ENUM_CONVERSION = YES;
				CLANG_WARN_INFINITE_RECURSION = YES;
				CLANG_WARN_INT_CONVERSION = YES;
				CLANG_WARN_NON_LITERAL_NULL_CONVERSION = YES;
				CLANG_WARN_OBJC_IMPLICIT_RETAIN_SELF = YES;
				CLANG_WARN_OBJC_LITERAL_CONVERSION = YES;
				CLANG_WARN_OBJC_ROOT_CLASS = YES_ERROR;
				CLANG_WARN_QUOTED_INCLUDE_IN_FRAMEWORK_HEADER = YES;
				CLANG_WARN_RANGE_LOOP_ANALYSIS = YES;
				CLANG_WARN_STRICT_PROTOTYPES = YES;
				CLANG_WARN_SUSPICIOUS_MOVE = YES;
				CLANG_WARN_UNGUARDED_AVAILABILITY = YES_AGGRESSIVE;
				CLANG_WARN_UNREACHABLE_CODE = YES;
				CLANG_WARN__DUPLICATE_METHOD_MATCH = YES;
				COPY_PHASE_STRIP = NO;
				DEBUG_INFORMATION_FORMAT = dwarf;
				ENABLE_STRICT_OBJC_MSGSEND = YES;
				ENABLE_TESTABILITY = YES;
				GCC_C_LANGUAGE_STANDARD = gnu11;
				GCC_DYNAMIC_NO_PIC = NO;
				GCC_NO_COMMON_BLOCKS = YES;
				GCC_OPTIMIZATION_LEVEL = 0;
				GCC_PREPROCESSOR_DEFINITIONS = (
					"DEBUG=1",
					"$(inherited)",
				);
				GCC_WARN_64_TO_32_BIT_CONVERSION = YES;
				GCC_WARN_ABOUT_RETURN_TYPE = YES_ERROR;
				GCC_WARN_UNDECLARED_SELECTOR = YES;
				GCC_WARN_UNINITIALIZED_AUTOS = YES_AGGRESSIVE;
				GCC_WARN_UNUSED_FUNCTION = YES;
				GCC_WARN_UNUSED_VARIABLE = YES;
				IPHONEOS_DEPLOYMENT_TARGET = 15.2;
				MTL_ENABLE_DEBUG_INFO = INCLUDE_SOURCE;
				MTL_FAST_MATH = YES;
				ONLY_ACTIVE_ARCH = YES;
				SDKROOT = iphoneos;
				SWIFT_ACTIVE_COMPILATION_CONDITIONS = DEBUG;
				SWIFT_OPTIMIZATION_LEVEL = "-Onone";
			};
			name = Debug;
		};
		A3D969612798861B00975C14 /* Release */ = {
			isa = XCBuildConfiguration;
			buildSettings = {
				ALWAYS_SEARCH_USER_PATHS = NO;
				CLANG_ANALYZER_NONNULL = YES;
				CLANG_ANALYZER_NUMBER_OBJECT_CONVERSION = YES_AGGRESSIVE;
				CLANG_CXX_LANGUAGE_STANDARD = "gnu++17";
				CLANG_CXX_LIBRARY = "libc++";
				CLANG_ENABLE_MODULES = YES;
				CLANG_ENABLE_OBJC_ARC = YES;
				CLANG_ENABLE_OBJC_WEAK = YES;
				CLANG_WARN_BLOCK_CAPTURE_AUTORELEASING = YES;
				CLANG_WARN_BOOL_CONVERSION = YES;
				CLANG_WARN_COMMA = YES;
				CLANG_WARN_CONSTANT_CONVERSION = YES;
				CLANG_WARN_DEPRECATED_OBJC_IMPLEMENTATIONS = YES;
				CLANG_WARN_DIRECT_OBJC_ISA_USAGE = YES_ERROR;
				CLANG_WARN_DOCUMENTATION_COMMENTS = YES;
				CLANG_WARN_EMPTY_BODY = YES;
				CLANG_WARN_ENUM_CONVERSION = YES;
				CLANG_WARN_INFINITE_RECURSION = YES;
				CLANG_WARN_INT_CONVERSION = YES;
				CLANG_WARN_NON_LITERAL_NULL_CONVERSION = YES;
				CLANG_WARN_OBJC_IMPLICIT_RETAIN_SELF = YES;
				CLANG_WARN_OBJC_LITERAL_CONVERSION = YES;
				CLANG_WARN_OBJC_ROOT_CLASS = YES_ERROR;
				CLANG_WARN_QUOTED_INCLUDE_IN_FRAMEWORK_HEADER = YES;
				CLANG_WARN_RANGE_LOOP_ANALYSIS = YES;
				CLANG_WARN_STRICT_PROTOTYPES = YES;
				CLANG_WARN_SUSPICIOUS_MOVE = YES;
				CLANG_WARN_UNGUARDED_AVAILABILITY = YES_AGGRESSIVE;
				CLANG_WARN_UNREACHABLE_CODE = YES;
				CLANG_WARN__DUPLICATE_METHOD_MATCH = YES;
				COPY_PHASE_STRIP = NO;
				DEBUG_INFORMATION_FORMAT = "dwarf-with-dsym";
				ENABLE_NS_ASSERTIONS = NO;
				ENABLE_STRICT_OBJC_MSGSEND = YES;
				GCC_C_LANGUAGE_STANDARD = gnu11;
				GCC_NO_COMMON_BLOCKS = YES;
				GCC_WARN_64_TO_32_BIT_CONVERSION = YES;
				GCC_WARN_ABOUT_RETURN_TYPE = YES_ERROR;
				GCC_WARN_UNDECLARED_SELECTOR = YES;
				GCC_WARN_UNINITIALIZED_AUTOS = YES_AGGRESSIVE;
				GCC_WARN_UNUSED_FUNCTION = YES;
				GCC_WARN_UNUSED_VARIABLE = YES;
				IPHONEOS_DEPLOYMENT_TARGET = 15.2;
				MTL_ENABLE_DEBUG_INFO = NO;
				MTL_FAST_MATH = YES;
				SDKROOT = iphoneos;
				SWIFT_COMPILATION_MODE = wholemodule;
				SWIFT_OPTIMIZATION_LEVEL = "-O";
				VALIDATE_PRODUCT = YES;
			};
			name = Release;
		};
		A3D969632798861B00975C14 /* Debug */ = {
			isa = XCBuildConfiguration;
			baseConfigurationReference = B506AC6F16AE6C9AB3670F9E /* Pods-AnimatedApp.debug.xcconfig */;
			buildSettings = {
				ASSETCATALOG_COMPILER_APPICON_NAME = AppIcon;
				ASSETCATALOG_COMPILER_GLOBAL_ACCENT_COLOR_NAME = AccentColor;
				CODE_SIGN_STYLE = Automatic;
				CURRENT_PROJECT_VERSION = 1;
				DEVELOPMENT_TEAM = 9W5BMT376H;
				GENERATE_INFOPLIST_FILE = YES;
				INFOPLIST_FILE = AnimatedApp/Info.plist;
				INFOPLIST_KEY_UIApplicationSupportsIndirectInputEvents = YES;
				INFOPLIST_KEY_UILaunchStoryboardName = LaunchScreen;
				INFOPLIST_KEY_UIMainStoryboardFile = Main;
				INFOPLIST_KEY_UISupportedInterfaceOrientations_iPad = "UIInterfaceOrientationPortrait UIInterfaceOrientationPortraitUpsideDown UIInterfaceOrientationLandscapeLeft UIInterfaceOrientationLandscapeRight";
				INFOPLIST_KEY_UISupportedInterfaceOrientations_iPhone = "UIInterfaceOrientationPortrait UIInterfaceOrientationLandscapeLeft UIInterfaceOrientationLandscapeRight";
				IPHONEOS_DEPLOYMENT_TARGET = 13.0;
				LD_RUNPATH_SEARCH_PATHS = (
					"$(inherited)",
					"@executable_path/Frameworks",
				);
				MARKETING_VERSION = 1.0;
				PRODUCT_BUNDLE_IDENTIFIER = Yulia.ua.AnimatedApp;
				PRODUCT_NAME = "$(TARGET_NAME)";
				SWIFT_EMIT_LOC_STRINGS = YES;
				SWIFT_VERSION = 5.0;
				TARGETED_DEVICE_FAMILY = 1;
			};
			name = Debug;
		};
		A3D969642798861B00975C14 /* Release */ = {
			isa = XCBuildConfiguration;
			baseConfigurationReference = AB9C42A77F93559A752A9E30 /* Pods-AnimatedApp.release.xcconfig */;
			buildSettings = {
				ASSETCATALOG_COMPILER_APPICON_NAME = AppIcon;
				ASSETCATALOG_COMPILER_GLOBAL_ACCENT_COLOR_NAME = AccentColor;
				CODE_SIGN_STYLE = Automatic;
				CURRENT_PROJECT_VERSION = 1;
				DEVELOPMENT_TEAM = 9W5BMT376H;
				GENERATE_INFOPLIST_FILE = YES;
				INFOPLIST_FILE = AnimatedApp/Info.plist;
				INFOPLIST_KEY_UIApplicationSupportsIndirectInputEvents = YES;
				INFOPLIST_KEY_UILaunchStoryboardName = LaunchScreen;
				INFOPLIST_KEY_UIMainStoryboardFile = Main;
				INFOPLIST_KEY_UISupportedInterfaceOrientations_iPad = "UIInterfaceOrientationPortrait UIInterfaceOrientationPortraitUpsideDown UIInterfaceOrientationLandscapeLeft UIInterfaceOrientationLandscapeRight";
				INFOPLIST_KEY_UISupportedInterfaceOrientations_iPhone = "UIInterfaceOrientationPortrait UIInterfaceOrientationLandscapeLeft UIInterfaceOrientationLandscapeRight";
				IPHONEOS_DEPLOYMENT_TARGET = 13.0;
				LD_RUNPATH_SEARCH_PATHS = (
					"$(inherited)",
					"@executable_path/Frameworks",
				);
				MARKETING_VERSION = 1.0;
				PRODUCT_BUNDLE_IDENTIFIER = Yulia.ua.AnimatedApp;
				PRODUCT_NAME = "$(TARGET_NAME)";
				SWIFT_EMIT_LOC_STRINGS = YES;
				SWIFT_VERSION = 5.0;
				TARGETED_DEVICE_FAMILY = 1;
			};
			name = Release;
		};
/* End XCBuildConfiguration section */

/* Begin XCConfigurationList section */
		A3D969492798861900975C14 /* Build configuration list for PBXProject "AnimatedApp" */ = {
			isa = XCConfigurationList;
			buildConfigurations = (
				A3D969602798861B00975C14 /* Debug */,
				A3D969612798861B00975C14 /* Release */,
			);
			defaultConfigurationIsVisible = 0;
			defaultConfigurationName = Release;
		};
		A3D969622798861B00975C14 /* Build configuration list for PBXNativeTarget "AnimatedApp" */ = {
			isa = XCConfigurationList;
			buildConfigurations = (
				A3D969632798861B00975C14 /* Debug */,
				A3D969642798861B00975C14 /* Release */,
			);
			defaultConfigurationIsVisible = 0;
			defaultConfigurationName = Release;
		};
/* End XCConfigurationList section */
	};
	rootObject = A3D969462798861900975C14 /* Project object */;
}
